
Microsoft Visual Studio Solution File, Format Version 12.00
# Visual Studio Version 17
VisualStudioVersion = 17.0.31903.59
MinimumVisualStudioVersion = 10.0.40219.1
Project("{FAE04EC0-301F-11D3-BF4B-00C04F79EFBC}") = "RogueCardGame", "RogueCardGame.csproj", "{A1B2C3D4-E5F6-7890-ABCD-EF1234567890}"
EndProject
Project("{2150E333-8FDC-42A3-9474-1A3956D46DE8}") = "tests", "tests", "{0AB3BF05-4346-4AA6-1389-037BE0695223}"
EndProject
Project("{FAE04EC0-301F-11D3-BF4B-00C04F79EFBC}") = "RogueCardGame.Tests", "tests\RogueCardGame.Tests\RogueCardGame.Tests.csproj", "{47E3F4AD-B675-4D4C-B5C3-BCFBAB1BD2B4}"
EndProject
Global
	GlobalSection(SolutionConfigurationPlatforms) = preSolution
		Debug|Any CPU = Debug|Any CPU
		Debug|x64 = Debug|x64
		Debug|x86 = Debug|x86
		ExportDebug|Any CPU = ExportDebug|Any CPU
		ExportDebug|x64 = ExportDebug|x64
		ExportDebug|x86 = ExportDebug|x86
		ExportRelease|Any CPU = ExportRelease|Any CPU
		ExportRelease|x64 = ExportRelease|x64
		ExportRelease|x86 = ExportRelease|x86
		Release|Any CPU = Release|Any CPU
		Release|x64 = Release|x64
		Release|x86 = Release|x86
	EndGlobalSection
	GlobalSection(ProjectConfigurationPlatforms) = postSolution
		{A1B2C3D4-E5F6-7890-ABCD-EF1234567890}.Debug|Any CPU.ActiveCfg = Debug|Any CPU
		{A1B2C3D4-E5F6-7890-ABCD-EF1234567890}.Debug|Any CPU.Build.0 = Debug|Any CPU
		{A1B2C3D4-E5F6-7890-ABCD-EF1234567890}.Debug|x64.ActiveCfg = Debug|Any CPU
		{A1B2C3D4-E5F6-7890-ABCD-EF1234567890}.Debug|x64.Build.0 = Debug|Any CPU
		{A1B2C3D4-E5F6-7890-ABCD-EF1234567890}.Debug|x86.ActiveCfg = Debug|Any CPU
		{A1B2C3D4-E5F6-7890-ABCD-EF1234567890}.Debug|x86.Build.0 = Debug|Any CPU
		{A1B2C3D4-E5F6-7890-ABCD-EF1234567890}.ExportDebug|Any CPU.ActiveCfg = ExportDebug|Any CPU
		{A1B2C3D4-E5F6-7890-ABCD-EF1234567890}.ExportDebug|Any CPU.Build.0 = ExportDebug|Any CPU
		{A1B2C3D4-E5F6-7890-ABCD-EF1234567890}.ExportDebug|x64.ActiveCfg = ExportDebug|Any CPU
		{A1B2C3D4-E5F6-7890-ABCD-EF1234567890}.ExportDebug|x64.Build.0 = ExportDebug|Any CPU
		{A1B2C3D4-E5F6-7890-ABCD-EF1234567890}.ExportDebug|x86.ActiveCfg = ExportDebug|Any CPU
		{A1B2C3D4-E5F6-7890-ABCD-EF1234567890}.ExportDebug|x86.Build.0 = ExportDebug|Any CPU
		{A1B2C3D4-E5F6-7890-ABCD-EF1234567890}.ExportRelease|Any CPU.ActiveCfg = ExportRelease|Any CPU
		{A1B2C3D4-E5F6-7890-ABCD-EF1234567890}.ExportRelease|Any CPU.Build.0 = ExportRelease|Any CPU
		{A1B2C3D4-E5F6-7890-ABCD-EF1234567890}.ExportRelease|x64.ActiveCfg = ExportRelease|Any CPU
		{A1B2C3D4-E5F6-7890-ABCD-EF1234567890}.ExportRelease|x64.Build.0 = ExportRelease|Any CPU
		{A1B2C3D4-E5F6-7890-ABCD-EF1234567890}.ExportRelease|x86.ActiveCfg = ExportRelease|Any CPU
		{A1B2C3D4-E5F6-7890-ABCD-EF1234567890}.ExportRelease|x86.Build.0 = ExportRelease|Any CPU
		{A1B2C3D4-E5F6-7890-ABCD-EF1234567890}.Release|Any CPU.ActiveCfg = Release|Any CPU
		{A1B2C3D4-E5F6-7890-ABCD-EF1234567890}.Release|Any CPU.Build.0 = Release|Any CPU
		{A1B2C3D4-E5F6-7890-ABCD-EF1234567890}.Release|x64.ActiveCfg = Release|Any CPU
		{A1B2C3D4-E5F6-7890-ABCD-EF1234567890}.Release|x64.Build.0 = Release|Any CPU
		{A1B2C3D4-E5F6-7890-ABCD-EF1234567890}.Release|x86.ActiveCfg = Release|Any CPU
		{A1B2C3D4-E5F6-7890-ABCD-EF1234567890}.Release|x86.Build.0 = Release|Any CPU
		{47E3F4AD-B675-4D4C-B5C3-BCFBAB1BD2B4}.Debug|Any CPU.ActiveCfg = Debug|Any CPU
		{47E3F4AD-B675-4D4C-B5C3-BCFBAB1BD2B4}.Debug|Any CPU.Build.0 = Debug|Any CPU
		{47E3F4AD-B675-4D4C-B5C3-BCFBAB1BD2B4}.Debug|x64.ActiveCfg = Debug|Any CPU
		{47E3F4AD-B675-4D4C-B5C3-BCFBAB1BD2B4}.Debug|x64.Build.0 = Debug|Any CPU
		{47E3F4AD-B675-4D4C-B5C3-BCFBAB1BD2B4}.Debug|x86.ActiveCfg = Debug|Any CPU
		{47E3F4AD-B675-4D4C-B5C3-BCFBAB1BD2B4}.Debug|x86.Build.0 = Debug|Any CPU
		{47E3F4AD-B675-4D4C-B5C3-BCFBAB1BD2B4}.ExportDebug|Any CPU.ActiveCfg = Debug|Any CPU
		{47E3F4AD-B675-4D4C-B5C3-BCFBAB1BD2B4}.ExportDebug|Any CPU.Build.0 = Debug|Any CPU
		{47E3F4AD-B675-4D4C-B5C3-BCFBAB1BD2B4}.ExportDebug|x64.ActiveCfg = Debug|Any CPU
		{47E3F4AD-B675-4D4C-B5C3-BCFBAB1BD2B4}.ExportDebug|x64.Build.0 = Debug|Any CPU
		{47E3F4AD-B675-4D4C-B5C3-BCFBAB1BD2B4}.ExportDebug|x86.ActiveCfg = Debug|Any CPU
		{47E3F4AD-B675-4D4C-B5C3-BCFBAB1BD2B4}.ExportDebug|x86.Build.0 = Debug|Any CPU
		{47E3F4AD-B675-4D4C-B5C3-BCFBAB1BD2B4}.ExportRelease|Any CPU.ActiveCfg = Debug|Any CPU
		{47E3F4AD-B675-4D4C-B5C3-BCFBAB1BD2B4}.ExportRelease|Any CPU.Build.0 = Debug|Any CPU
		{47E3F4AD-B675-4D4C-B5C3-BCFBAB1BD2B4}.ExportRelease|x64.ActiveCfg = Debug|Any CPU
		{47E3F4AD-B675-4D4C-B5C3-BCFBAB1BD2B4}.ExportRelease|x64.Build.0 = Debug|Any CPU
		{47E3F4AD-B675-4D4C-B5C3-BCFBAB1BD2B4}.ExportRelease|x86.ActiveCfg = Debug|Any CPU
		{47E3F4AD-B675-4D4C-B5C3-BCFBAB1BD2B4}.ExportRelease|x86.Build.0 = Debug|Any CPU
		{47E3F4AD-B675-4D4C-B5C3-BCFBAB1BD2B4}.Release|Any CPU.ActiveCfg = Release|Any CPU
		{47E3F4AD-B675-4D4C-B5C3-BCFBAB1BD2B4}.Release|Any CPU.Build.0 = Release|Any CPU
		{47E3F4AD-B675-4D4C-B5C3-BCFBAB1BD2B4}.Release|x64.ActiveCfg = Release|Any CPU
		{47E3F4AD-B675-4D4C-B5C3-BCFBAB1BD2B4}.Release|x64.Build.0 = Release|Any CPU
		{47E3F4AD-B675-4D4C-B5C3-BCFBAB1BD2B4}.Release|x86.ActiveCfg = Release|Any CPU
		{47E3F4AD-B675-4D4C-B5C3-BCFBAB1BD2B4}.Release|x86.Build.0 = Release|Any CPU
	EndGlobalSection
	GlobalSection(SolutionProperties) = preSolution
		HideSolutionNode = FALSE
	EndGlobalSection
	GlobalSection(NestedProjects) = preSolution
		{47E3F4AD-B675-4D4C-B5C3-BCFBAB1BD2B4} = {0AB3BF05-4346-4AA6-1389-037BE0695223}
	EndGlobalSection
EndGlobal
